
Microsoft Visual Studio Solution File, Format Version 12.00
# Visual Studio 15
VisualStudioVersion = 15.0.27428.2015
MinimumVisualStudioVersion = 10.0.40219.1
Project("{9A19103F-16F7-4668-BE54-9A1E7A4F7556}") = "Interesting.Console", "Interesting.Console\Interesting.Console.csproj", "{EF6581EE-752D-4173-BA84-C2DCE78C6479}"
EndProject
Project("{9A19103F-16F7-4668-BE54-9A1E7A4F7556}") = "Interesting.Plugins", "Interesting.Plugins\Interesting.Plugins.csproj", "{605D6C5C-CF9E-40F5-9D9D-C3E083EE89DF}"
EndProject
Project("{9A19103F-16F7-4668-BE54-9A1E7A4F7556}") = "Interesting.Framework", "Interesting.Framework\Interesting.Framework.csproj", "{861716D3-CFFA-4507-9F72-68AB40B75F12}"
EndProject
Project("{2150E333-8FDC-42A3-9474-1A3956D46DE8}") = "Solution Items", "Solution Items", "{DE8BA5D5-F363-4899-9A3C-6DD607715E0A}"
	ProjectSection(SolutionItems) = preProject
		README.md = README.md
	EndProjectSection
EndProject
Project("{9A19103F-16F7-4668-BE54-9A1E7A4F7556}") = "Interesting.Framework.Tests", "Interesting.Framework.Tests\Interesting.Framework.Tests.csproj", "{83109206-09C1-41D2-9DC3-6AD729F25A67}"
EndProject
Project("{FAE04EC0-301F-11D3-BF4B-00C04F79EFBC}") = "Interesting.Plugins.Tests", "Interesting.Plugins.Tests\Interesting.Plugins.Tests.csproj", "{0CB735B6-C5A5-4822-90AD-94936589E958}"
EndProject
Global
	GlobalSection(SolutionConfigurationPlatforms) = preSolution
		Debug|Any CPU = Debug|Any CPU
		Release|Any CPU = Release|Any CPU
	EndGlobalSection
	GlobalSection(ProjectConfigurationPlatforms) = postSolution
		{EF6581EE-752D-4173-BA84-C2DCE78C6479}.Debug|Any CPU.ActiveCfg = Debug|Any CPU
		{EF6581EE-752D-4173-BA84-C2DCE78C6479}.Debug|Any CPU.Build.0 = Debug|Any CPU
		{EF6581EE-752D-4173-BA84-C2DCE78C6479}.Release|Any CPU.ActiveCfg = Release|Any CPU
		{EF6581EE-752D-4173-BA84-C2DCE78C6479}.Release|Any CPU.Build.0 = Release|Any CPU
		{605D6C5C-CF9E-40F5-9D9D-C3E083EE89DF}.Debug|Any CPU.ActiveCfg = Debug|Any CPU
		{605D6C5C-CF9E-40F5-9D9D-C3E083EE89DF}.Debug|Any CPU.Build.0 = Debug|Any CPU
		{605D6C5C-CF9E-40F5-9D9D-C3E083EE89DF}.Release|Any CPU.ActiveCfg = Release|Any CPU
		{605D6C5C-CF9E-40F5-9D9D-C3E083EE89DF}.Release|Any CPU.Build.0 = Release|Any CPU
		{861716D3-CFFA-4507-9F72-68AB40B75F12}.Debug|Any CPU.ActiveCfg = Debug|Any CPU
		{861716D3-CFFA-4507-9F72-68AB40B75F12}.Debug|Any CPU.Build.0 = Debug|Any CPU
		{861716D3-CFFA-4507-9F72-68AB40B75F12}.Release|Any CPU.ActiveCfg = Release|Any CPU
		{861716D3-CFFA-4507-9F72-68AB40B75F12}.Release|Any CPU.Build.0 = Release|Any CPU
		{83109206-09C1-41D2-9DC3-6AD729F25A67}.Debug|Any CPU.ActiveCfg = Debug|Any CPU
		{83109206-09C1-41D2-9DC3-6AD729F25A67}.Debug|Any CPU.Build.0 = Debug|Any CPU
		{83109206-09C1-41D2-9DC3-6AD729F25A67}.Release|Any CPU.ActiveCfg = Release|Any CPU
		{83109206-09C1-41D2-9DC3-6AD729F25A67}.Release|Any CPU.Build.0 = Release|Any CPU
		{0CB735B6-C5A5-4822-90AD-94936589E958}.Debug|Any CPU.ActiveCfg = Debug|Any CPU
		{0CB735B6-C5A5-4822-90AD-94936589E958}.Debug|Any CPU.Build.0 = Debug|Any CPU
		{0CB735B6-C5A5-4822-90AD-94936589E958}.Release|Any CPU.ActiveCfg = Release|Any CPU
		{0CB735B6-C5A5-4822-90AD-94936589E958}.Release|Any CPU.Build.0 = Release|Any CPU
	EndGlobalSection
	GlobalSection(SolutionProperties) = preSolution
		HideSolutionNode = FALSE
	EndGlobalSection
	GlobalSection(ExtensibilityGlobals) = postSolution
		SolutionGuid = {5EDABFC7-8353-4C6D-AD7A-6707FBF0FF6A}
	EndGlobalSection
EndGlobal
